{
  "name": "flow-keyframe-bot",
  "version": "0.1.0",
  "lockfileVersion": 3,
  "requires": true,
  "packages": {
    "": {
      "name": "flow-keyframe-bot",
      "version": "0.1.0",
      "dependencies": {
        "playwright-core": "1.61.1"
      },
      "engines": {
        "node": ">=20"
      }
    },
    "node_modules/.pnpm/playwright-core@1.61.1/node_modules/playwright-core": {
      "version": "1.61.1",
      "license": "Apache-2.0",
      "bin": {
        "playwright-core": "cli.js"
      },
      "engines": {
        "node": ">=18"
      }
    },
    "node_modules/playwright-core": {
      "resolved": "node_modules/.pnpm/playwright-core@1.61.1/node_modules/playwright-core",
      "link": true
    }
  }
}
